
Microsoft Visual Studio Solution File, Format Version 12.00
# Visual Studio Version 16
VisualStudioVersion = 16.0.30128.74
MinimumVisualStudioVersion = 10.0.40219.1
Project("{FAE04EC0-301F-11D3-BF4B-00C04F79EFBC}") = "JMJ INFOWAY Services", "JMJ INFOWAY Services\JMJ INFOWAY Services.csproj", "{79DBEA0B-DDDD-422B-93AA-54DD805CF15E}"
EndProject
Global
	GlobalSection(SolutionConfigurationPlatforms) = preSolution
		Debug|Any CPU = Debug|Any CPU
		Release|Any CPU = Release|Any CPU
	EndGlobalSection
	GlobalSection(ProjectConfigurationPlatforms) = postSolution
		{79DBEA0B-DDDD-422B-93AA-54DD805CF15E}.Debug|Any CPU.ActiveCfg = Debug|Any CPU
		{79DBEA0B-DDDD-422B-93AA-54DD805CF15E}.Debug|Any CPU.Build.0 = Debug|Any CPU
		{79DBEA0B-DDDD-422B-93AA-54DD805CF15E}.Release|Any CPU.ActiveCfg = Release|Any CPU
		{79DBEA0B-DDDD-422B-93AA-54DD805CF15E}.Release|Any CPU.Build.0 = Release|Any CPU
	EndGlobalSection
	GlobalSection(SolutionProperties) = preSolution
		HideSolutionNode = FALSE
	EndGlobalSection
	GlobalSection(ExtensibilityGlobals) = postSolution
		SolutionGuid = {1CEA52C8-7930-416C-82E3-446397031456}
	EndGlobalSection
EndGlobal
